# This file is autogenerated, do not edit; changes may be undone by the next 'dep ensure'.


[[projects]]
  name = "github.com/gcinterceptor/gci-go"
  packages = ["httphandler"]
  revision = "8390b3489ca0901e4d2ef65e2df329152c075844"
  version = "0.5"

[[projects]]
  branch = "master"
  name = "go4.org"
  packages = ["strutil"]
  revision = "417644f6feb5ed3a356ca5d6d8e3a3fac7dfd33f"

[solve-meta]
  analyzer-name = "dep"
  analyzer-version = 1
  inputs-digest = "11e8297cada2e39e70de745cff1ec9e4075c83e37b31f2cb58f3e2835f68d750"
  solver-name = "gps-cdcl"
  solver-version = 1
